// !$*UTF8*$!
{
	archiveVersion = 1;
	classes = {
	};
	objectVersion = 46;
	objects = {

/* Begin PBXBuildFile section */
		72FACC4D1D008205005BBC54 /* mini_tdd.h in Headers */ = {isa = PBXBuildFile; fileRef = 72FACC4C1D008205005BBC54 /* mini_tdd.h */; settings = {ATTRIBUTES = (Public, ); }; };
		72FACC541D008205005BBC54 /* mini_tdd.framework in Frameworks */ = {isa = PBXBuildFile; fileRef = 72FACC491D008204005BBC54 /* mini_tdd.framework */; };
		72FACC591D008206005BBC54 /* mini_tddTests.swift in Sources */ = {isa = PBXBuildFile; fileRef = 72FACC581D008206005BBC54 /* mini_tddTests.swift */; };
		72FACC651D008232005BBC54 /* mini_tdd.swift in Sources */ = {isa = PBXBuildFile; fileRef = 72FACC641D008232005BBC54 /* mini_tdd.swift */; };
/* End PBXBuildFile section */

/* Begin PBXContainerItemProxy section */
		72FACC551D008205005BBC54 /* PBXContainerItemProxy */ = {
			isa = PBXContainerItemProxy;
			containerPortal = 72FACC401D008204005BBC54 /* Project object */;
			proxyType = 1;
			remoteGlobalIDString = 72FACC481D008204005BBC54;
			remoteInfo = mini_tdd;
		};
/* End PBXContainerItemProxy section */

/* Begin PBXFileReference section */
		72FACC491D008204005BBC54 /* mini_tdd.framework */ = {isa = PBXFileReference; explicitFileType = wrapper.framework; includeInIndex = 0; path = mini_tdd.framework; sourceTree = BUILT_PRODUCTS_DIR; };
		72FACC4C1D008205005BBC54 /* mini_tdd.h */ = {isa = PBXFileReference; lastKnownFileType = sourcecode.c.h; path = mini_tdd.h; sourceTree = "<group>"; };
		72FACC4E1D008205005BBC54 /* Info.plist */ = {isa = PBXFileReference; lastKnownFileType = text.plist.xml; path = Info.plist; sourceTree = "<group>"; };
		72FACC531D008205005BBC54 /* mini_tddTests.xctest */ = {isa = PBXFileReference; explicitFileType = wrapper.cfbundle; includeInIndex = 0; path = mini_tddTests.xctest; sourceTree = BUILT_PRODUCTS_DIR; };
		72FACC581D008206005BBC54 /* mini_tddTests.swift */ = {isa = PBXFileReference; lastKnownFileType = sourcecode.swift; path = mini_tddTests.swift; sourceTree = "<group>"; };
		72FACC5A1D008206005BBC54 /* Info.plist */ = {isa = PBXFileReference; lastKnownFileType = text.plist.xml; path = Info.plist; sourceTree = "<group>"; };
		72FACC641D008232005BBC54 /* mini_tdd.swift */ = {isa = PBXFileReference; fileEncoding = 4; lastKnownFileType = sourcecode.swift; path = mini_tdd.swift; sourceTree = "<group>"; };
/* End PBXFileReference section */

/* Begin PBXFrameworksBuildPhase section */
		72FACC451D008204005BBC54 /* Frameworks */ = {
			isa = PBXFrameworksBuildPhase;
			buildActionMask = 2147483647;
			files = (
			);
			runOnlyForDeploymentPostprocessing = 0;
		};
		72FACC501D008205005BBC54 /* Frameworks */ = {
			isa = PBXFrameworksBuildPhase;
			buildActionMask = 2147483647;
			files = (
				72FACC541D008205005BBC54 /* mini_tdd.framework in Frameworks */,
			);
			runOnlyForDeploymentPostprocessing = 0;
		};
/* End PBXFrameworksBuildPhase section */

/* Begin PBXGroup section */
		72FACC3F1D008204005BBC54 = {
			isa = PBXGroup;
			children = (
				72FACC4B1D008205005BBC54 /* mini_tdd */,
				72FACC571D008205005BBC54 /* mini_tddTests */,
				72FACC4A1D008204005BBC54 /* Products */,
			);
			sourceTree = "<group>";
		};
		72FACC4A1D008204005BBC54 /* Products */ = {
			isa = PBXGroup;
			children = (
				72FACC491D008204005BBC54 /* mini_tdd.framework */,
				72FACC531D008205005BBC54 /* mini_tddTests.xctest */,
			);
			name = Products;
			sourceTree = "<group>";
		};
		72FACC4B1D008205005BBC54 /* mini_tdd */ = {
			isa = PBXGroup;
			children = (
				72FACC4C1D008205005BBC54 /* mini_tdd.h */,
				72FACC4E1D008205005BBC54 /* Info.plist */,
			);
			path = mini_tdd;
			sourceTree = "<group>";
		};
		72FACC571D008205005BBC54 /* mini_tddTests */ = {
			isa = PBXGroup;
			children = (
				72FACC581D008206005BBC54 /* mini_tddTests.swift */,
				72FACC5A1D008206005BBC54 /* Info.plist */,
				72FACC641D008232005BBC54 /* mini_tdd.swift */,
			);
			path = mini_tddTests;
			sourceTree = "<group>";
		};
/* End PBXGroup section */

/* Begin PBXHeadersBuildPhase section */
		72FACC461D008204005BBC54 /* Headers */ = {
			isa = PBXHeadersBuildPhase;
			buildActionMask = 2147483647;
			files = (
				72FACC4D1D008205005BBC54 /* mini_tdd.h in Headers */,
			);
			runOnlyForDeploymentPostprocessing = 0;
		};
/* End PBXHeadersBuildPhase section */

/* Begin PBXNativeTarget section */
		72FACC481D008204005BBC54 /* mini_tdd */ = {
			isa = PBXNativeTarget;
			buildConfigurationList = 72FACC5D1D008206005BBC54 /* Build configuration list for PBXNativeTarget "mini_tdd" */;
			buildPhases = (
				72FACC441D008204005BBC54 /* Sources */,
				72FACC451D008204005BBC54 /* Frameworks */,
				72FACC461D008204005BBC54 /* Headers */,
				72FACC471D008204005BBC54 /* Resources */,
			);
			buildRules = (
			);
			dependencies = (
			);
			name = mini_tdd;
			productName = mini_tdd;
			productReference = 72FACC491D008204005BBC54 /* mini_tdd.framework */;
			productType = "com.apple.product-type.framework";
		};
		72FACC521D008205005BBC54 /* mini_tddTests */ = {
			isa = PBXNativeTarget;
			buildConfigurationList = 72FACC601D008206005BBC54 /* Build configuration list for PBXNativeTarget "mini_tddTests" */;
			buildPhases = (
				72FACC4F1D008205005BBC54 /* Sources */,
				72FACC501D008205005BBC54 /* Frameworks */,
				72FACC511D008205005BBC54 /* Resources */,
			);
			buildRules = (
			);
			dependencies = (
				72FACC561D008205005BBC54 /* PBXTargetDependency */,
			);
			name = mini_tddTests;
			productName = mini_tddTests;
			productReference = 72FACC531D008205005BBC54 /* mini_tddTests.xctest */;
			productType = "com.apple.product-type.bundle.unit-test";
		};
/* End PBXNativeTarget section */

/* Begin PBXProject section */
		72FACC401D008204005BBC54 /* Project object */ = {
			isa = PBXProject;
			attributes = {
				LastSwiftUpdateCheck = 0730;
				LastUpgradeCheck = 0730;
				ORGANIZATIONNAME = kazucocoa;
				TargetAttributes = {
					72FACC481D008204005BBC54 = {
						CreatedOnToolsVersion = 7.3.1;
						DevelopmentTeam = 47PCFA586Q;
					};
					72FACC521D008205005BBC54 = {
						CreatedOnToolsVersion = 7.3.1;
						DevelopmentTeam = 47PCFA586Q;
					};
				};
			};
			buildConfigurationList = 72FACC431D008204005BBC54 /* Build configuration list for PBXProject "mini_tdd" */;
			compatibilityVersion = "Xcode 3.2";
			developmentRegion = English;
			hasScannedForEncodings = 0;
			knownRegions = (
				en,
			);
			mainGroup = 72FACC3F1D008204005BBC54;
			productRefGroup = 72FACC4A1D008204005BBC54 /* Products */;
			projectDirPath = "";
			projectRoot = "";
			targets = (
				72FACC481D008204005BBC54 /* mini_tdd */,
				72FACC521D008205005BBC54 /* mini_tddTests */,
			);
		};
/* End PBXProject section */

/* Begin PBXResourcesBuildPhase section */
		72FACC471D008204005BBC54 /* Resources */ = {
			isa = PBXResourcesBuildPhase;
			buildActionMask = 2147483647;
			files = (
			);
			runOnlyForDeploymentPostprocessing = 0;
		};
		72FACC511D008205005BBC54 /* Resources */ = {
			isa = PBXResourcesBuildPhase;
			buildActionMask = 2147483647;
			files = (
			);
			runOnlyForDeploymentPostprocessing = 0;
		};
/* End PBXResourcesBuildPhase section */

/* Begin PBXSourcesBuildPhase section */
		72FACC441D008204005BBC54 /* Sources */ = {
			isa = PBXSourcesBuildPhase;
			buildActionMask = 2147483647;
			files = (
			);
			runOnlyForDeploymentPostprocessing = 0;
		};
		72FACC4F1D008205005BBC54 /* Sources */ = {
			isa = PBXSourcesBuildPhase;
			buildActionMask = 2147483647;
			files = (
				72FACC591D008206005BBC54 /* mini_tddTests.swift in Sources */,
				72FACC651D008232005BBC54 /* mini_tdd.swift in Sources */,
			);
			runOnlyForDeploymentPostprocessing = 0;
		};
/* End PBXSourcesBuildPhase section */

/* Begin PBXTargetDependency section */
		72FACC561D008205005BBC54 /* PBXTargetDependency */ = {
			isa = PBXTargetDependency;
			target = 72FACC481D008204005BBC54 /* mini_tdd */;
			targetProxy = 72FACC551D008205005BBC54 /* PBXContainerItemProxy */;
		};
/* End PBXTargetDependency section */

/* Begin XCBuildConfiguration section */
		72FACC5B1D008206005BBC54 /* Debug */ = {
			isa = XCBuildConfiguration;
			buildSettings = {
				ALWAYS_SEARCH_USER_PATHS = NO;
				CLANG_ANALYZER_NONNULL = YES;
				CLANG_CXX_LANGUAGE_STANDARD = "gnu++0x";
				CLANG_CXX_LIBRARY = "libc++";
				CLANG_ENABLE_MODULES = YES;
				CLANG_ENABLE_OBJC_ARC = YES;
				CLANG_WARN_BOOL_CONVERSION = YES;
				CLANG_WARN_CONSTANT_CONVERSION = YES;
				CLANG_WARN_DIRECT_OBJC_ISA_USAGE = YES_ERROR;
				CLANG_WARN_EMPTY_BODY = YES;
				CLANG_WARN_ENUM_CONVERSION = YES;
				CLANG_WARN_INT_CONVERSION = YES;
				CLANG_WARN_OBJC_ROOT_CLASS = YES_ERROR;
				CLANG_WARN_UNREACHABLE_CODE = YES;
				CLANG_WARN__DUPLICATE_METHOD_MATCH = YES;
				"CODE_SIGN_IDENTITY[sdk=iphoneos*]" = "iPhone Developer";
				COPY_PHASE_STRIP = NO;
				CURRENT_PROJECT_VERSION = 1;
				DEBUG_INFORMATION_FORMAT = dwarf;
				ENABLE_STRICT_OBJC_MSGSEND = YES;
				ENABLE_TESTABILITY = YES;
				GCC_C_LANGUAGE_STANDARD = gnu99;
				GCC_DYNAMIC_NO_PIC = NO;
				GCC_NO_COMMON_BLOCKS = YES;
				GCC_OPTIMIZATION_LEVEL = 0;
				GCC_PREPROCESSOR_DEFINITIONS = (
					"DEBUG=1",
					"$(inherited)",
				);
				GCC_WARN_64_TO_32_BIT_CONVERSION = YES;
				GCC_WARN_ABOUT_RETURN_TYPE = YES_ERROR;
				GCC_WARN_UNDECLARED_SELECTOR = YES;
				GCC_WARN_UNINITIALIZED_AUTOS = YES_AGGRESSIVE;
				GCC_WARN_UNUSED_FUNCTION = YES;
				GCC_WARN_UNUSED_VARIABLE = YES;
				IPHONEOS_DEPLOYMENT_TARGET = 9.3;
				MTL_ENABLE_DEBUG_INFO = YES;
				ONLY_ACTIVE_ARCH = YES;
				SDKROOT = iphoneos;
				SWIFT_OPTIMIZATION_LEVEL = "-Onone";
				TARGETED_DEVICE_FAMILY = "1,2";
				VERSIONING_SYSTEM = "apple-generic";
				VERSION_INFO_PREFIX = "";
			};
			name = Debug;
		};
		72FACC5C1D008206005BBC54 /* Release */ = {
			isa = XCBuildConfiguration;
			buildSettings = {
				ALWAYS_SEARCH_USER_PATHS = NO;
				CLANG_ANALYZER_NONNULL = YES;
				CLANG_CXX_LANGUAGE_STANDARD = "gnu++0x";
				CLANG_CXX_LIBRARY = "libc++";
				CLANG_ENABLE_MODULES = YES;
				CLANG_ENABLE_OBJC_ARC = YES;
				CLANG_WARN_BOOL_CONVERSION = YES;
				CLANG_WARN_CONSTANT_CONVERSION = YES;
				CLANG_WARN_DIRECT_OBJC_ISA_USAGE = YES_ERROR;
				CLANG_WARN_EMPTY_BODY = YES;
				CLANG_WARN_ENUM_CONVERSION = YES;
				CLANG_WARN_INT_CONVERSION = YES;
				CLANG_WARN_OBJC_ROOT_CLASS = YES_ERROR;
				CLANG_WARN_UNREACHABLE_CODE = YES;
				CLANG_WARN__DUPLICATE_METHOD_MATCH = YES;
				"CODE_SIGN_IDENTITY[sdk=iphoneos*]" = "iPhone Developer";
				COPY_PHASE_STRIP = NO;
				CURRENT_PROJECT_VERSION = 1;
				DEBUG_INFORMATION_FORMAT = "dwarf-with-dsym";
				ENABLE_NS_ASSERTIONS = NO;
				ENABLE_STRICT_OBJC_MSGSEND = YES;
				GCC_C_LANGUAGE_STANDARD = gnu99;
				GCC_NO_COMMON_BLOCKS = YES;
				GCC_WARN_64_TO_32_BIT_CONVERSION = YES;
				GCC_WARN_ABOUT_RETURN_TYPE = YES_ERROR;
				GCC_WARN_UNDECLARED_SELECTOR = YES;
				GCC_WARN_UNINITIALIZED_AUTOS = YES_AGGRESSIVE;
				GCC_WARN_UNUSED_FUNCTION = YES;
				GCC_WARN_UNUSED_VARIABLE = YES;
				IPHONEOS_DEPLOYMENT_TARGET = 9.3;
				MTL_ENABLE_DEBUG_INFO = NO;
				SDKROOT = iphoneos;
				TARGETED_DEVICE_FAMILY = "1,2";
				VALIDATE_PRODUCT = YES;
				VERSIONING_SYSTEM = "apple-generic";
				VERSION_INFO_PREFIX = "";
			};
			name = Release;
		};
		72FACC5E1D008206005BBC54 /* Debug */ = {
			isa = XCBuildConfiguration;
			buildSettings = {
				DEFINES_MODULE = YES;
				DYLIB_COMPATIBILITY_VERSION = 1;
				DYLIB_CURRENT_VERSION = 1;
				DYLIB_INSTALL_NAME_BASE = "@rpath";
				INFOPLIST_FILE = mini_tdd/Info.plist;
				INSTALL_PATH = "$(LOCAL_LIBRARY_DIR)/Frameworks";
				LD_RUNPATH_SEARCH_PATHS = "$(inherited) @executable_path/Frameworks @loader_path/Frameworks";
				PRODUCT_BUNDLE_IDENTIFIER = "com.kazucocoa.mini-tdd";
				PRODUCT_NAME = "$(TARGET_NAME)";
				SKIP_INSTALL = YES;
			};
			name = Debug;
		};
		72FACC5F1D008206005BBC54 /* Release */ = {
			isa = XCBuildConfiguration;
			buildSettings = {
				DEFINES_MODULE = YES;
				DYLIB_COMPATIBILITY_VERSION = 1;
				DYLIB_CURRENT_VERSION = 1;
				DYLIB_INSTALL_NAME_BASE = "@rpath";
				INFOPLIST_FILE = mini_tdd/Info.plist;
				INSTALL_PATH = "$(LOCAL_LIBRARY_DIR)/Frameworks";
				LD_RUNPATH_SEARCH_PATHS = "$(inherited) @executable_path/Frameworks @loader_path/Frameworks";
				PRODUCT_BUNDLE_IDENTIFIER = "com.kazucocoa.mini-tdd";
				PRODUCT_NAME = "$(TARGET_NAME)";
				SKIP_INSTALL = YES;
			};
			name = Release;
		};
		72FACC611D008206005BBC54 /* Debug */ = {
			isa = XCBuildConfiguration;
			buildSettings = {
				INFOPLIST_FILE = mini_tddTests/Info.plist;
				LD_RUNPATH_SEARCH_PATHS = "$(inherited) @executable_path/Frameworks @loader_path/Frameworks";
				PRODUCT_BUNDLE_IDENTIFIER = "com.kazucocoa.mini-tddTests";
				PRODUCT_NAME = "$(TARGET_NAME)";
			};
			name = Debug;
		};
		72FACC621D008206005BBC54 /* Release */ = {
			isa = XCBuildConfiguration;
			buildSettings = {
				INFOPLIST_FILE = mini_tddTests/Info.plist;
				LD_RUNPATH_SEARCH_PATHS = "$(inherited) @executable_path/Frameworks @loader_path/Frameworks";
				PRODUCT_BUNDLE_IDENTIFIER = "com.kazucocoa.mini-tddTests";
				PRODUCT_NAME = "$(TARGET_NAME)";
			};
			name = Release;
		};
/* End XCBuildConfiguration section */

/* Begin XCConfigurationList section */
		72FACC431D008204005BBC54 /* Build configuration list for PBXProject "mini_tdd" */ = {
			isa = XCConfigurationList;
			buildConfigurations = (
				72FACC5B1D008206005BBC54 /* Debug */,
				72FACC5C1D008206005BBC54 /* Release */,
			);
			defaultConfigurationIsVisible = 0;
			defaultConfigurationName = Release;
		};
		72FACC5D1D008206005BBC54 /* Build configuration list for PBXNativeTarget "mini_tdd" */ = {
			isa = XCConfigurationList;
			buildConfigurations = (
				72FACC5E1D008206005BBC54 /* Debug */,
				72FACC5F1D008206005BBC54 /* Release */,
			);
			defaultConfigurationIsVisible = 0;
		};
		72FACC601D008206005BBC54 /* Build configuration list for PBXNativeTarget "mini_tddTests" */ = {
			isa = XCConfigurationList;
			buildConfigurations = (
				72FACC611D008206005BBC54 /* Debug */,
				72FACC621D008206005BBC54 /* Release */,
			);
			defaultConfigurationIsVisible = 0;
		};
/* End XCConfigurationList section */
	};
	rootObject = 72FACC401D008204005BBC54 /* Project object */;
}
